
Microsoft Visual Studio Solution File, Format Version 12.00
# Visual Studio 2015
Project("{FAE04EC0-301F-11D3-BF4B-00C04F79EFBC}") = "Power Towers", "Power Towers.csproj", "{53A70DEF-9A1E-7318-9BA3-8D70A7F3907A}"
EndProject
Project("{FAE04EC0-301F-11D3-BF4B-00C04F79EFBC}") = "Power Towers.Editor", "Power Towers.Editor.csproj", "{4D6396F2-4603-0D0D-3294-D4C0F8717294}"
EndProject
Global
	GlobalSection(SolutionConfigurationPlatforms) = preSolution
		Debug|Any CPU = Debug|Any CPU
		Release|Any CPU = Release|Any CPU
	EndGlobalSection
	GlobalSection(ProjectConfigurationPlatforms) = postSolution
		{53A70DEF-9A1E-7318-9BA3-8D70A7F3907A}.Debug|Any CPU.ActiveCfg = Debug|Any CPU
		{53A70DEF-9A1E-7318-9BA3-8D70A7F3907A}.Debug|Any CPU.Build.0 = Debug|Any CPU
		{53A70DEF-9A1E-7318-9BA3-8D70A7F3907A}.Release|Any CPU.ActiveCfg = Release|Any CPU
		{53A70DEF-9A1E-7318-9BA3-8D70A7F3907A}.Release|Any CPU.Build.0 = Release|Any CPU
		{4D6396F2-4603-0D0D-3294-D4C0F8717294}.Debug|Any CPU.ActiveCfg = Debug|Any CPU
		{4D6396F2-4603-0D0D-3294-D4C0F8717294}.Debug|Any CPU.Build.0 = Debug|Any CPU
		{4D6396F2-4603-0D0D-3294-D4C0F8717294}.Release|Any CPU.ActiveCfg = Release|Any CPU
		{4D6396F2-4603-0D0D-3294-D4C0F8717294}.Release|Any CPU.Build.0 = Release|Any CPU
	EndGlobalSection
	GlobalSection(SolutionProperties) = preSolution
		HideSolutionNode = FALSE
	EndGlobalSection
EndGlobal
